
Microsoft Visual Studio Solution File, Format Version 12.00
# Visual Studio Version 16
VisualStudioVersion = 16.0.29709.97
MinimumVisualStudioVersion = 10.0.40219.1
Project("{FAE04EC0-301F-11D3-BF4B-00C04F79EFBC}") = "OcelotDemo.API", "OcelotDemo.API\OcelotDemo.API.csproj", "{1E601FDD-CAC6-419B-8851-69A7D1558254}"
EndProject
Project("{FAE04EC0-301F-11D3-BF4B-00C04F79EFBC}") = "OcelotDemo.Gateway", "OcelotDemo.Gateway\OcelotDemo.Gateway.csproj", "{A0810275-5C2F-41CE-9C8F-1FD2306C8827}"
EndProject
Global
	GlobalSection(SolutionConfigurationPlatforms) = preSolution
		Debug|Any CPU = Debug|Any CPU
		Release|Any CPU = Release|Any CPU
	EndGlobalSection
	GlobalSection(ProjectConfigurationPlatforms) = postSolution
		{1E601FDD-CAC6-419B-8851-69A7D1558254}.Debug|Any CPU.ActiveCfg = Debug|Any CPU
		{1E601FDD-CAC6-419B-8851-69A7D1558254}.Debug|Any CPU.Build.0 = Debug|Any CPU
		{1E601FDD-CAC6-419B-8851-69A7D1558254}.Release|Any CPU.ActiveCfg = Release|Any CPU
		{1E601FDD-CAC6-419B-8851-69A7D1558254}.Release|Any CPU.Build.0 = Release|Any CPU
		{A0810275-5C2F-41CE-9C8F-1FD2306C8827}.Debug|Any CPU.ActiveCfg = Debug|Any CPU
		{A0810275-5C2F-41CE-9C8F-1FD2306C8827}.Debug|Any CPU.Build.0 = Debug|Any CPU
		{A0810275-5C2F-41CE-9C8F-1FD2306C8827}.Release|Any CPU.ActiveCfg = Release|Any CPU
		{A0810275-5C2F-41CE-9C8F-1FD2306C8827}.Release|Any CPU.Build.0 = Release|Any CPU
	EndGlobalSection
	GlobalSection(SolutionProperties) = preSolution
		HideSolutionNode = FALSE
	EndGlobalSection
	GlobalSection(ExtensibilityGlobals) = postSolution
		SolutionGuid = {25B5DA91-C92E-434B-8CC6-336D1B216402}
	EndGlobalSection
EndGlobal
